
Microsoft Visual Studio Solution File, Format Version 12.00
# Visual Studio 15
VisualStudioVersion = 15.0.27428.2005
MinimumVisualStudioVersion = 10.0.40219.1
Project("{FAE04EC0-301F-11D3-BF4B-00C04F79EFBC}") = "11_SquareArea", "..\ExamPreparation\area\11_SquareArea.csproj", "{CAA54650-9549-48F9-966B-9667EE2CBDBD}"
EndProject
Project("{FAE04EC0-301F-11D3-BF4B-00C04F79EFBC}") = "15_TrapeziodArea", "..\ExamPreparation\05_TrapeziodArea\15_TrapeziodArea.csproj", "{6B7FB8AC-8E2A-4C22-B879-6C92EBF09B06}"
EndProject
Project("{FAE04EC0-301F-11D3-BF4B-00C04F79EFBC}") = "14_ConcatenateData", "..\ExamPreparation\04_ConcatenateData\14_ConcatenateData.csproj", "{AC33369D-26D9-404C-834B-BBA47C059A04}"
EndProject
Project("{FAE04EC0-301F-11D3-BF4B-00C04F79EFBC}") = "16_CircleAreaAndPerimeter", "..\ExamPreparation\06_CircleAreaAndPerimeter\16_CircleAreaAndPerimeter.csproj", "{03CDE3B9-032B-449F-BFC8-D6D1FB3B428E}"
EndProject
Project("{FAE04EC0-301F-11D3-BF4B-00C04F79EFBC}") = "04_Num1To20", "..\ExamPreparation\Num1To20\04_Num1To20.csproj", "{319855C1-B868-4D4A-9223-3CB75DB93C1F}"
EndProject
Project("{FAE04EC0-301F-11D3-BF4B-00C04F79EFBC}") = "05_Triangle of 55 Stars", "..\ExamPreparation\03_Triangle of 55 Stars\05_Triangle of 55 Stars.csproj", "{C46A7349-5792-4FE1-BA3A-06C8E4C0E9DA}"
EndProject
Project("{FAE04EC0-301F-11D3-BF4B-00C04F79EFBC}") = "07_RectangleArea", "..\ExamPreparation\06_RectangleArea\07_RectangleArea.csproj", "{42631BF4-9D19-43B1-A07C-4C10C6B9ABEF}"
EndProject
Project("{FAE04EC0-301F-11D3-BF4B-00C04F79EFBC}") = "26_SquareOfStars", "..\ExamPreparation\06_SquareOfStars\26_SquareOfStars.csproj", "{A2DCEE45-5233-4543-AF0C-ADC238134754}"
EndProject
Project("{FAE04EC0-301F-11D3-BF4B-00C04F79EFBC}") = "12_InchesToCentimeters", "..\ExamPreparation\12_InchesToCentimeters\12_InchesToCentimeters.csproj", "{A5E14F86-B135-49C2-94CD-2659385D31DC}"
EndProject
Project("{FAE04EC0-301F-11D3-BF4B-00C04F79EFBC}") = "13_GreetingByName", "..\ExamPreparation\13_GreetingByName\13_GreetingByName.csproj", "{3E4145DC-AC7D-461E-883A-7EFAF16E41F8}"
EndProject
Project("{FAE04EC0-301F-11D3-BF4B-00C04F79EFBC}") = "17_2DRectangleArea", "..\ExamPreparation\Saedinqvane\17_2DRectangleArea.csproj", "{E753D657-1478-49A6-913D-28A749C911F8}"
EndProject
Project("{FAE04EC0-301F-11D3-BF4B-00C04F79EFBC}") = "18_TriangleArea", "..\ExamPreparation\18_TriangleArea\18_TriangleArea.csproj", "{7E6E57B9-3B75-47DD-928E-76610660319B}"
EndProject
Project("{FAE04EC0-301F-11D3-BF4B-00C04F79EFBC}") = "19_CelsiusToFahrenheit", "..\ExamPreparation\19\19_CelsiusToFahrenheit.csproj", "{B03459A9-F64C-4675-B0CC-35BA8D14A32F}"
EndProject
Project("{FAE04EC0-301F-11D3-BF4B-00C04F79EFBC}") = "20_RadiansTo_Degrees", "..\ExamPreparation\20_RadiansTo_Degrees\20_RadiansTo_Degrees.csproj", "{BB351E2F-EDAF-4E01-87A9-BE9F03729F19}"
EndProject
Project("{FAE04EC0-301F-11D3-BF4B-00C04F79EFBC}") = "21_USDToBGN", "..\ExamPreparation\21_USDToBGN\21_USDToBGN.csproj", "{EF37AFB0-3356-4D6E-8366-1B962EBC95D3}"
EndProject
Project("{FAE04EC0-301F-11D3-BF4B-00C04F79EFBC}") = "22_CurrencyConverter", "..\ExamPreparation\22_CurrencyConverter\22_CurrencyConverter.csproj", "{A2CE8EBB-6AEE-4049-925D-4BBA1A13BB0E}"
EndProject
Project("{FAE04EC0-301F-11D3-BF4B-00C04F79EFBC}") = "23_1000DayAfterBirth", "..\ExamPreparation\23_1000DayAfterBirth\23_1000DayAfterBirth.csproj", "{A43EF8D7-6148-4186-AEE4-F7573C85B240}"
EndProject
Project("{FAE04EC0-301F-11D3-BF4B-00C04F79EFBC}") = "24_Tailoring Workshop", "..\ExamPreparation\24_Tailoring Workshop\24_Tailoring Workshop.csproj", "{A779A755-7114-4478-A0A9-51F289FE5214}"
EndProject
Project("{FAE04EC0-301F-11D3-BF4B-00C04F79EFBC}") = "25_", "..\ExamPreparation\25_\25_.csproj", "{B0D39657-1237-49E0-9F8F-D0D0F26CB7F7}"
EndProject
Project("{FAE04EC0-301F-11D3-BF4B-00C04F79EFBC}") = "06_Charity_campaign", "..\ExamPreparation\04_Charity_campaign\06_Charity_campaign.csproj", "{5CD457CE-341C-43D0-B486-E97918C5D1D2}"
EndProject
Project("{FAE04EC0-301F-11D3-BF4B-00C04F79EFBC}") = "08_Alcohol Market", "..\ExamPreparation\05_Alcohol Market\08_Alcohol Market.csproj", "{5D532C3B-90E6-4CBE-8858-56D0D3B65D3D}"
EndProject
Project("{FAE04EC0-301F-11D3-BF4B-00C04F79EFBC}") = "03. Transport Price", "..\ExamPreparation\02. Transport Price\03. Transport Price.csproj", "{E32292B5-D310-4F3C-B506-CA1691885447}"
EndProject
Project("{FAE04EC0-301F-11D3-BF4B-00C04F79EFBC}") = "09_Pipes in pool", "..\ExamPreparation\07_Pipes in pool\09_Pipes in pool.csproj", "{B50E79EE-3FBB-496B-874C-8C257C7B8E32}"
EndProject
Project("{FAE04EC0-301F-11D3-BF4B-00C04F79EFBC}") = "10_Company", "..\ExamPreparation\10_Company\10_Company.csproj", "{4C0DD4C9-755C-4E12-9FA4-F17556DD8F5B}"
EndProject
Project("{FAE04EC0-301F-11D3-BF4B-00C04F79EFBC}") = "02. Calorie Calculator", "..\ExamPreparation\02. Calorie Calculator\02. Calorie Calculator.csproj", "{B7925E11-9E4E-449B-9B0B-000061F92E59}"
EndProject
Project("{FAE04EC0-301F-11D3-BF4B-00C04F79EFBC}") = "01.Lutenica", "..\ExamPreparation\01.Lutenica\01.Lutenica.csproj", "{1448C235-9043-43DE-90F1-CF88DD88BA9B}"
EndProject
Project("{FAE04EC0-301F-11D3-BF4B-00C04F79EFBC}") = "28_Sequence", "..\ExamPreparation\28_Sequence\28_Sequence.csproj", "{1B9CDFBA-DDA2-4AFE-87EE-385892710602}"
EndProject
Project("{FAE04EC0-301F-11D3-BF4B-00C04F79EFBC}") = "27_Greatest Common Divisor", "..\ExamPreparation\27_Greatest Common Divisor\27_Greatest Common Divisor.csproj", "{835DCC16-685B-447F-AF7A-0DEF850B2580}"
EndProject
Project("{FAE04EC0-301F-11D3-BF4B-00C04F79EFBC}") = "29_Histogram", "..\ExamPreparation\29_Histogram\29_Histogram.csproj", "{F7077C10-FB1F-49FC-ABD9-AC57EA2BDA95}"
EndProject
Project("{FAE04EC0-301F-11D3-BF4B-00C04F79EFBC}") = "30_Aquapark", "..\ExamPreparation\30_Aquapark\30_Aquapark.csproj", "{C62E9AE4-5CFC-4A7C-8BE7-1F24A9FA3042}"
EndProject
Project("{FAE04EC0-301F-11D3-BF4B-00C04F79EFBC}") = "31_SoftUni_Camp", "..\ExamPreparation\31_SoftUni_Camp\31_SoftUni_Camp.csproj", "{F1487B89-159E-4D1C-970E-A40118C681F4}"
EndProject
Project("{FAE04EC0-301F-11D3-BF4B-00C04F79EFBC}") = "32_Logistics", "..\ExamPreparation\32_Logistics\32_Logistics.csproj", "{D6E61DC3-80F1-45A7-9B3D-9CD72CAD40B4}"
EndProject
Project("{FAE04EC0-301F-11D3-BF4B-00C04F79EFBC}") = "33_Coins", "..\ExamPreparation\33_Coins\33_Coins.csproj", "{113C26B6-3CB3-4FF2-8C2E-F5DDD8E97360}"
EndProject
Project("{FAE04EC0-301F-11D3-BF4B-00C04F79EFBC}") = "34_Moving", "..\ExamPreparation\34_Moving\34_Moving.csproj", "{9375E280-1BF3-406E-ABF5-6CF6C82C215F}"
EndProject
Project("{FAE04EC0-301F-11D3-BF4B-00C04F79EFBC}") = "35_Travelling", "..\ExamPreparation\35_Travelling\35_Travelling.csproj", "{F1D4DD87-42E1-4B86-871C-EF204C618FA8}"
EndProject
Project("{FAE04EC0-301F-11D3-BF4B-00C04F79EFBC}") = "36_Sum_And_Product", "..\ExamPreparation\36_Sum_And_Product\36_Sum_And_Product.csproj", "{E678E37D-BD08-4C51-A5F9-1A6B99215A77}"
EndProject
Project("{FAE04EC0-301F-11D3-BF4B-00C04F79EFBC}") = "37_Special_Combinations", "..\ExamPreparation\37_Special_Combinations\37_Special_Combinations.csproj", "{C8C248DF-EE53-4AF2-8071-0404CC874B31}"
EndProject
Project("{FAE04EC0-301F-11D3-BF4B-00C04F79EFBC}") = "38_Water_dispenser", "..\ExamPreparation\38_Water_dispenser\38_Water_dispenser.csproj", "{866563DB-17DF-4324-BF31-CB714097193D}"
EndProject
Project("{FAE04EC0-301F-11D3-BF4B-00C04F79EFBC}") = "39_Ivanovi_s_Holiday", "..\ExamPreparation\39_Ivanovi_s_Holiday\39_Ivanovi_s_Holiday.csproj", "{56C080BE-75CE-4490-8766-EB97FF63B74C}"
EndProject
Project("{FAE04EC0-301F-11D3-BF4B-00C04F79EFBC}") = "40_Back_To_The_Past", "..\ExamPreparation\40_Back_To_The_Past\40_Back_To_The_Past.csproj", "{02002BE9-775E-4540-8436-9C4CB59193E0}"
EndProject
Project("{FAE04EC0-301F-11D3-BF4B-00C04F79EFBC}") = "41_Cake", "..\ExamPreparation\41_Cake\41_Cake.csproj", "{4EE016AD-6FA0-426F-B8D1-01CF3599F177}"
EndProject
Project("{FAE04EC0-301F-11D3-BF4B-00C04F79EFBC}") = "42_Running_In_The_Park", "..\ExamPreparation\42_Running_In_The_Park\42_Running_In_The_Park.csproj", "{61535A7D-BC7D-4425-AD69-42447EF1E104}"
EndProject
Project("{FAE04EC0-301F-11D3-BF4B-00C04F79EFBC}") = "43_Graduation", "..\ExamPreparation\43_Graduation\43_Graduation.csproj", "{F0021D3E-F44F-454C-A3C7-F7A042A11617}"
EndProject
Project("{FAE04EC0-301F-11D3-BF4B-00C04F79EFBC}") = "44_Letters_Combinations", "..\ExamPreparation\44_Letters_Combinations\44_Letters_Combinations.csproj", "{0348FDD7-0CF1-470F-8256-3B6555FCA8B7}"
EndProject
Global
	GlobalSection(SolutionConfigurationPlatforms) = preSolution
		Debug|Any CPU = Debug|Any CPU
		Release|Any CPU = Release|Any CPU
	EndGlobalSection
	GlobalSection(ProjectConfigurationPlatforms) = postSolution
		{CAA54650-9549-48F9-966B-9667EE2CBDBD}.Debug|Any CPU.ActiveCfg = Debug|Any CPU
		{CAA54650-9549-48F9-966B-9667EE2CBDBD}.Debug|Any CPU.Build.0 = Debug|Any CPU
		{CAA54650-9549-48F9-966B-9667EE2CBDBD}.Release|Any CPU.ActiveCfg = Release|Any CPU
		{CAA54650-9549-48F9-966B-9667EE2CBDBD}.Release|Any CPU.Build.0 = Release|Any CPU
		{6B7FB8AC-8E2A-4C22-B879-6C92EBF09B06}.Debug|Any CPU.ActiveCfg = Debug|Any CPU
		{6B7FB8AC-8E2A-4C22-B879-6C92EBF09B06}.Debug|Any CPU.Build.0 = Debug|Any CPU
		{6B7FB8AC-8E2A-4C22-B879-6C92EBF09B06}.Release|Any CPU.ActiveCfg = Release|Any CPU
		{6B7FB8AC-8E2A-4C22-B879-6C92EBF09B06}.Release|Any CPU.Build.0 = Release|Any CPU
		{AC33369D-26D9-404C-834B-BBA47C059A04}.Debug|Any CPU.ActiveCfg = Debug|Any CPU
		{AC33369D-26D9-404C-834B-BBA47C059A04}.Debug|Any CPU.Build.0 = Debug|Any CPU
		{AC33369D-26D9-404C-834B-BBA47C059A04}.Release|Any CPU.ActiveCfg = Release|Any CPU
		{AC33369D-26D9-404C-834B-BBA47C059A04}.Release|Any CPU.Build.0 = Release|Any CPU
		{03CDE3B9-032B-449F-BFC8-D6D1FB3B428E}.Debug|Any CPU.ActiveCfg = Debug|Any CPU
		{03CDE3B9-032B-449F-BFC8-D6D1FB3B428E}.Debug|Any CPU.Build.0 = Debug|Any CPU
		{03CDE3B9-032B-449F-BFC8-D6D1FB3B428E}.Release|Any CPU.ActiveCfg = Release|Any CPU
		{03CDE3B9-032B-449F-BFC8-D6D1FB3B428E}.Release|Any CPU.Build.0 = Release|Any CPU
		{319855C1-B868-4D4A-9223-3CB75DB93C1F}.Debug|Any CPU.ActiveCfg = Debug|Any CPU
		{319855C1-B868-4D4A-9223-3CB75DB93C1F}.Debug|Any CPU.Build.0 = Debug|Any CPU
		{319855C1-B868-4D4A-9223-3CB75DB93C1F}.Release|Any CPU.ActiveCfg = Release|Any CPU
		{319855C1-B868-4D4A-9223-3CB75DB93C1F}.Release|Any CPU.Build.0 = Release|Any CPU
		{C46A7349-5792-4FE1-BA3A-06C8E4C0E9DA}.Debug|Any CPU.ActiveCfg = Debug|Any CPU
		{C46A7349-5792-4FE1-BA3A-06C8E4C0E9DA}.Debug|Any CPU.Build.0 = Debug|Any CPU
		{C46A7349-5792-4FE1-BA3A-06C8E4C0E9DA}.Release|Any CPU.ActiveCfg = Release|Any CPU
		{C46A7349-5792-4FE1-BA3A-06C8E4C0E9DA}.Release|Any CPU.Build.0 = Release|Any CPU
		{42631BF4-9D19-43B1-A07C-4C10C6B9ABEF}.Debug|Any CPU.ActiveCfg = Debug|Any CPU
		{42631BF4-9D19-43B1-A07C-4C10C6B9ABEF}.Debug|Any CPU.Build.0 = Debug|Any CPU
		{42631BF4-9D19-43B1-A07C-4C10C6B9ABEF}.Release|Any CPU.ActiveCfg = Release|Any CPU
		{42631BF4-9D19-43B1-A07C-4C10C6B9ABEF}.Release|Any CPU.Build.0 = Release|Any CPU
		{A2DCEE45-5233-4543-AF0C-ADC238134754}.Debug|Any CPU.ActiveCfg = Debug|Any CPU
		{A2DCEE45-5233-4543-AF0C-ADC238134754}.Debug|Any CPU.Build.0 = Debug|Any CPU
		{A2DCEE45-5233-4543-AF0C-ADC238134754}.Release|Any CPU.ActiveCfg = Release|Any CPU
		{A2DCEE45-5233-4543-AF0C-ADC238134754}.Release|Any CPU.Build.0 = Release|Any CPU
		{A5E14F86-B135-49C2-94CD-2659385D31DC}.Debug|Any CPU.ActiveCfg = Debug|Any CPU
		{A5E14F86-B135-49C2-94CD-2659385D31DC}.Debug|Any CPU.Build.0 = Debug|Any CPU
		{A5E14F86-B135-49C2-94CD-2659385D31DC}.Release|Any CPU.ActiveCfg = Release|Any CPU
		{A5E14F86-B135-49C2-94CD-2659385D31DC}.Release|Any CPU.Build.0 = Release|Any CPU
		{3E4145DC-AC7D-461E-883A-7EFAF16E41F8}.Debug|Any CPU.ActiveCfg = Debug|Any CPU
		{3E4145DC-AC7D-461E-883A-7EFAF16E41F8}.Debug|Any CPU.Build.0 = Debug|Any CPU
		{3E4145DC-AC7D-461E-883A-7EFAF16E41F8}.Release|Any CPU.ActiveCfg = Release|Any CPU
		{3E4145DC-AC7D-461E-883A-7EFAF16E41F8}.Release|Any CPU.Build.0 = Release|Any CPU
		{E753D657-1478-49A6-913D-28A749C911F8}.Debug|Any CPU.ActiveCfg = Debug|Any CPU
		{E753D657-1478-49A6-913D-28A749C911F8}.Debug|Any CPU.Build.0 = Debug|Any CPU
		{E753D657-1478-49A6-913D-28A749C911F8}.Release|Any CPU.ActiveCfg = Release|Any CPU
		{E753D657-1478-49A6-913D-28A749C911F8}.Release|Any CPU.Build.0 = Release|Any CPU
		{7E6E57B9-3B75-47DD-928E-76610660319B}.Debug|Any CPU.ActiveCfg = Debug|Any CPU
		{7E6E57B9-3B75-47DD-928E-76610660319B}.Debug|Any CPU.Build.0 = Debug|Any CPU
		{7E6E57B9-3B75-47DD-928E-76610660319B}.Release|Any CPU.ActiveCfg = Release|Any CPU
		{7E6E57B9-3B75-47DD-928E-76610660319B}.Release|Any CPU.Build.0 = Release|Any CPU
		{B03459A9-F64C-4675-B0CC-35BA8D14A32F}.Debug|Any CPU.ActiveCfg = Debug|Any CPU
		{B03459A9-F64C-4675-B0CC-35BA8D14A32F}.Debug|Any CPU.Build.0 = Debug|Any CPU
		{B03459A9-F64C-4675-B0CC-35BA8D14A32F}.Release|Any CPU.ActiveCfg = Release|Any CPU
		{B03459A9-F64C-4675-B0CC-35BA8D14A32F}.Release|Any CPU.Build.0 = Release|Any CPU
		{BB351E2F-EDAF-4E01-87A9-BE9F03729F19}.Debug|Any CPU.ActiveCfg = Debug|Any CPU
		{BB351E2F-EDAF-4E01-87A9-BE9F03729F19}.Debug|Any CPU.Build.0 = Debug|Any CPU
		{BB351E2F-EDAF-4E01-87A9-BE9F03729F19}.Release|Any CPU.ActiveCfg = Release|Any CPU
		{BB351E2F-EDAF-4E01-87A9-BE9F03729F19}.Release|Any CPU.Build.0 = Release|Any CPU
		{EF37AFB0-3356-4D6E-8366-1B962EBC95D3}.Debug|Any CPU.ActiveCfg = Debug|Any CPU
		{EF37AFB0-3356-4D6E-8366-1B962EBC95D3}.Debug|Any CPU.Build.0 = Debug|Any CPU
		{EF37AFB0-3356-4D6E-8366-1B962EBC95D3}.Release|Any CPU.ActiveCfg = Release|Any CPU
		{EF37AFB0-3356-4D6E-8366-1B962EBC95D3}.Release|Any CPU.Build.0 = Release|Any CPU
		{A2CE8EBB-6AEE-4049-925D-4BBA1A13BB0E}.Debug|Any CPU.ActiveCfg = Debug|Any CPU
		{A2CE8EBB-6AEE-4049-925D-4BBA1A13BB0E}.Debug|Any CPU.Build.0 = Debug|Any CPU
		{A2CE8EBB-6AEE-4049-925D-4BBA1A13BB0E}.Release|Any CPU.ActiveCfg = Release|Any CPU
		{A2CE8EBB-6AEE-4049-925D-4BBA1A13BB0E}.Release|Any CPU.Build.0 = Release|Any CPU
		{A43EF8D7-6148-4186-AEE4-F7573C85B240}.Debug|Any CPU.ActiveCfg = Debug|Any CPU
		{A43EF8D7-6148-4186-AEE4-F7573C85B240}.Debug|Any CPU.Build.0 = Debug|Any CPU
		{A43EF8D7-6148-4186-AEE4-F7573C85B240}.Release|Any CPU.ActiveCfg = Release|Any CPU
		{A43EF8D7-6148-4186-AEE4-F7573C85B240}.Release|Any CPU.Build.0 = Release|Any CPU
		{A779A755-7114-4478-A0A9-51F289FE5214}.Debug|Any CPU.ActiveCfg = Debug|Any CPU
		{A779A755-7114-4478-A0A9-51F289FE5214}.Debug|Any CPU.Build.0 = Debug|Any CPU
		{A779A755-7114-4478-A0A9-51F289FE5214}.Release|Any CPU.ActiveCfg = Release|Any CPU
		{A779A755-7114-4478-A0A9-51F289FE5214}.Release|Any CPU.Build.0 = Release|Any CPU
		{B0D39657-1237-49E0-9F8F-D0D0F26CB7F7}.Debug|Any CPU.ActiveCfg = Debug|Any CPU
		{B0D39657-1237-49E0-9F8F-D0D0F26CB7F7}.Debug|Any CPU.Build.0 = Debug|Any CPU
		{B0D39657-1237-49E0-9F8F-D0D0F26CB7F7}.Release|Any CPU.ActiveCfg = Release|Any CPU
		{B0D39657-1237-49E0-9F8F-D0D0F26CB7F7}.Release|Any CPU.Build.0 = Release|Any CPU
		{5CD457CE-341C-43D0-B486-E97918C5D1D2}.Debug|Any CPU.ActiveCfg = Debug|Any CPU
		{5CD457CE-341C-43D0-B486-E97918C5D1D2}.Debug|Any CPU.Build.0 = Debug|Any CPU
		{5CD457CE-341C-43D0-B486-E97918C5D1D2}.Release|Any CPU.ActiveCfg = Release|Any CPU
		{5CD457CE-341C-43D0-B486-E97918C5D1D2}.Release|Any CPU.Build.0 = Release|Any CPU
		{5D532C3B-90E6-4CBE-8858-56D0D3B65D3D}.Debug|Any CPU.ActiveCfg = Debug|Any CPU
		{5D532C3B-90E6-4CBE-8858-56D0D3B65D3D}.Debug|Any CPU.Build.0 = Debug|Any CPU
		{5D532C3B-90E6-4CBE-8858-56D0D3B65D3D}.Release|Any CPU.ActiveCfg = Release|Any CPU
		{5D532C3B-90E6-4CBE-8858-56D0D3B65D3D}.Release|Any CPU.Build.0 = Release|Any CPU
		{E32292B5-D310-4F3C-B506-CA1691885447}.Debug|Any CPU.ActiveCfg = Debug|Any CPU
		{E32292B5-D310-4F3C-B506-CA1691885447}.Debug|Any CPU.Build.0 = Debug|Any CPU
		{E32292B5-D310-4F3C-B506-CA1691885447}.Release|Any CPU.ActiveCfg = Release|Any CPU
		{E32292B5-D310-4F3C-B506-CA1691885447}.Release|Any CPU.Build.0 = Release|Any CPU
		{B50E79EE-3FBB-496B-874C-8C257C7B8E32}.Debug|Any CPU.ActiveCfg = Debug|Any CPU
		{B50E79EE-3FBB-496B-874C-8C257C7B8E32}.Debug|Any CPU.Build.0 = Debug|Any CPU
		{B50E79EE-3FBB-496B-874C-8C257C7B8E32}.Release|Any CPU.ActiveCfg = Release|Any CPU
		{B50E79EE-3FBB-496B-874C-8C257C7B8E32}.Release|Any CPU.Build.0 = Release|Any CPU
		{4C0DD4C9-755C-4E12-9FA4-F17556DD8F5B}.Debug|Any CPU.ActiveCfg = Debug|Any CPU
		{4C0DD4C9-755C-4E12-9FA4-F17556DD8F5B}.Debug|Any CPU.Build.0 = Debug|Any CPU
		{4C0DD4C9-755C-4E12-9FA4-F17556DD8F5B}.Release|Any CPU.ActiveCfg = Release|Any CPU
		{4C0DD4C9-755C-4E12-9FA4-F17556DD8F5B}.Release|Any CPU.Build.0 = Release|Any CPU
		{B7925E11-9E4E-449B-9B0B-000061F92E59}.Debug|Any CPU.ActiveCfg = Debug|Any CPU
		{B7925E11-9E4E-449B-9B0B-000061F92E59}.Debug|Any CPU.Build.0 = Debug|Any CPU
		{B7925E11-9E4E-449B-9B0B-000061F92E59}.Release|Any CPU.ActiveCfg = Release|Any CPU
		{B7925E11-9E4E-449B-9B0B-000061F92E59}.Release|Any CPU.Build.0 = Release|Any CPU
		{1448C235-9043-43DE-90F1-CF88DD88BA9B}.Debug|Any CPU.ActiveCfg = Debug|Any CPU
		{1448C235-9043-43DE-90F1-CF88DD88BA9B}.Debug|Any CPU.Build.0 = Debug|Any CPU
		{1448C235-9043-43DE-90F1-CF88DD88BA9B}.Release|Any CPU.ActiveCfg = Release|Any CPU
		{1448C235-9043-43DE-90F1-CF88DD88BA9B}.Release|Any CPU.Build.0 = Release|Any CPU
		{1B9CDFBA-DDA2-4AFE-87EE-385892710602}.Debug|Any CPU.ActiveCfg = Debug|Any CPU
		{1B9CDFBA-DDA2-4AFE-87EE-385892710602}.Debug|Any CPU.Build.0 = Debug|Any CPU
		{1B9CDFBA-DDA2-4AFE-87EE-385892710602}.Release|Any CPU.ActiveCfg = Release|Any CPU
		{1B9CDFBA-DDA2-4AFE-87EE-385892710602}.Release|Any CPU.Build.0 = Release|Any CPU
		{835DCC16-685B-447F-AF7A-0DEF850B2580}.Debug|Any CPU.ActiveCfg = Debug|Any CPU
		{835DCC16-685B-447F-AF7A-0DEF850B2580}.Debug|Any CPU.Build.0 = Debug|Any CPU
		{835DCC16-685B-447F-AF7A-0DEF850B2580}.Release|Any CPU.ActiveCfg = Release|Any CPU
		{835DCC16-685B-447F-AF7A-0DEF850B2580}.Release|Any CPU.Build.0 = Release|Any CPU
		{F7077C10-FB1F-49FC-ABD9-AC57EA2BDA95}.Debug|Any CPU.ActiveCfg = Debug|Any CPU
		{F7077C10-FB1F-49FC-ABD9-AC57EA2BDA95}.Debug|Any CPU.Build.0 = Debug|Any CPU
		{F7077C10-FB1F-49FC-ABD9-AC57EA2BDA95}.Release|Any CPU.ActiveCfg = Release|Any CPU
		{F7077C10-FB1F-49FC-ABD9-AC57EA2BDA95}.Release|Any CPU.Build.0 = Release|Any CPU
		{C62E9AE4-5CFC-4A7C-8BE7-1F24A9FA3042}.Debug|Any CPU.ActiveCfg = Debug|Any CPU
		{C62E9AE4-5CFC-4A7C-8BE7-1F24A9FA3042}.Debug|Any CPU.Build.0 = Debug|Any CPU
		{C62E9AE4-5CFC-4A7C-8BE7-1F24A9FA3042}.Release|Any CPU.ActiveCfg = Release|Any CPU
		{C62E9AE4-5CFC-4A7C-8BE7-1F24A9FA3042}.Release|Any CPU.Build.0 = Release|Any CPU
		{F1487B89-159E-4D1C-970E-A40118C681F4}.Debug|Any CPU.ActiveCfg = Debug|Any CPU
		{F1487B89-159E-4D1C-970E-A40118C681F4}.Debug|Any CPU.Build.0 = Debug|Any CPU
		{F1487B89-159E-4D1C-970E-A40118C681F4}.Release|Any CPU.ActiveCfg = Release|Any CPU
		{F1487B89-159E-4D1C-970E-A40118C681F4}.Release|Any CPU.Build.0 = Release|Any CPU
		{D6E61DC3-80F1-45A7-9B3D-9CD72CAD40B4}.Debug|Any CPU.ActiveCfg = Debug|Any CPU
		{D6E61DC3-80F1-45A7-9B3D-9CD72CAD40B4}.Debug|Any CPU.Build.0 = Debug|Any CPU
		{D6E61DC3-80F1-45A7-9B3D-9CD72CAD40B4}.Release|Any CPU.ActiveCfg = Release|Any CPU
		{D6E61DC3-80F1-45A7-9B3D-9CD72CAD40B4}.Release|Any CPU.Build.0 = Release|Any CPU
		{113C26B6-3CB3-4FF2-8C2E-F5DDD8E97360}.Debug|Any CPU.ActiveCfg = Debug|Any CPU
		{113C26B6-3CB3-4FF2-8C2E-F5DDD8E97360}.Debug|Any CPU.Build.0 = Debug|Any CPU
		{113C26B6-3CB3-4FF2-8C2E-F5DDD8E97360}.Release|Any CPU.ActiveCfg = Release|Any CPU
		{113C26B6-3CB3-4FF2-8C2E-F5DDD8E97360}.Release|Any CPU.Build.0 = Release|Any CPU
		{9375E280-1BF3-406E-ABF5-6CF6C82C215F}.Debug|Any CPU.ActiveCfg = Debug|Any CPU
		{9375E280-1BF3-406E-ABF5-6CF6C82C215F}.Debug|Any CPU.Build.0 = Debug|Any CPU
		{9375E280-1BF3-406E-ABF5-6CF6C82C215F}.Release|Any CPU.ActiveCfg = Release|Any CPU
		{9375E280-1BF3-406E-ABF5-6CF6C82C215F}.Release|Any CPU.Build.0 = Release|Any CPU
		{F1D4DD87-42E1-4B86-871C-EF204C618FA8}.Debug|Any CPU.ActiveCfg = Debug|Any CPU
		{F1D4DD87-42E1-4B86-871C-EF204C618FA8}.Debug|Any CPU.Build.0 = Debug|Any CPU
		{F1D4DD87-42E1-4B86-871C-EF204C618FA8}.Release|Any CPU.ActiveCfg = Release|Any CPU
		{F1D4DD87-42E1-4B86-871C-EF204C618FA8}.Release|Any CPU.Build.0 = Release|Any CPU
		{E678E37D-BD08-4C51-A5F9-1A6B99215A77}.Debug|Any CPU.ActiveCfg = Debug|Any CPU
		{E678E37D-BD08-4C51-A5F9-1A6B99215A77}.Debug|Any CPU.Build.0 = Debug|Any CPU
		{E678E37D-BD08-4C51-A5F9-1A6B99215A77}.Release|Any CPU.ActiveCfg = Release|Any CPU
		{E678E37D-BD08-4C51-A5F9-1A6B99215A77}.Release|Any CPU.Build.0 = Release|Any CPU
		{C8C248DF-EE53-4AF2-8071-0404CC874B31}.Debug|Any CPU.ActiveCfg = Debug|Any CPU
		{C8C248DF-EE53-4AF2-8071-0404CC874B31}.Debug|Any CPU.Build.0 = Debug|Any CPU
		{C8C248DF-EE53-4AF2-8071-0404CC874B31}.Release|Any CPU.ActiveCfg = Release|Any CPU
		{C8C248DF-EE53-4AF2-8071-0404CC874B31}.Release|Any CPU.Build.0 = Release|Any CPU
		{866563DB-17DF-4324-BF31-CB714097193D}.Debug|Any CPU.ActiveCfg = Debug|Any CPU
		{866563DB-17DF-4324-BF31-CB714097193D}.Debug|Any CPU.Build.0 = Debug|Any CPU
		{866563DB-17DF-4324-BF31-CB714097193D}.Release|Any CPU.ActiveCfg = Release|Any CPU
		{866563DB-17DF-4324-BF31-CB714097193D}.Release|Any CPU.Build.0 = Release|Any CPU
		{56C080BE-75CE-4490-8766-EB97FF63B74C}.Debug|Any CPU.ActiveCfg = Debug|Any CPU
		{56C080BE-75CE-4490-8766-EB97FF63B74C}.Debug|Any CPU.Build.0 = Debug|Any CPU
		{56C080BE-75CE-4490-8766-EB97FF63B74C}.Release|Any CPU.ActiveCfg = Release|Any CPU
		{56C080BE-75CE-4490-8766-EB97FF63B74C}.Release|Any CPU.Build.0 = Release|Any CPU
		{02002BE9-775E-4540-8436-9C4CB59193E0}.Debug|Any CPU.ActiveCfg = Debug|Any CPU
		{02002BE9-775E-4540-8436-9C4CB59193E0}.Debug|Any CPU.Build.0 = Debug|Any CPU
		{02002BE9-775E-4540-8436-9C4CB59193E0}.Release|Any CPU.ActiveCfg = Release|Any CPU
		{02002BE9-775E-4540-8436-9C4CB59193E0}.Release|Any CPU.Build.0 = Release|Any CPU
		{4EE016AD-6FA0-426F-B8D1-01CF3599F177}.Debug|Any CPU.ActiveCfg = Debug|Any CPU
		{4EE016AD-6FA0-426F-B8D1-01CF3599F177}.Debug|Any CPU.Build.0 = Debug|Any CPU
		{4EE016AD-6FA0-426F-B8D1-01CF3599F177}.Release|Any CPU.ActiveCfg = Release|Any CPU
		{4EE016AD-6FA0-426F-B8D1-01CF3599F177}.Release|Any CPU.Build.0 = Release|Any CPU
		{61535A7D-BC7D-4425-AD69-42447EF1E104}.Debug|Any CPU.ActiveCfg = Debug|Any CPU
		{61535A7D-BC7D-4425-AD69-42447EF1E104}.Debug|Any CPU.Build.0 = Debug|Any CPU
		{61535A7D-BC7D-4425-AD69-42447EF1E104}.Release|Any CPU.ActiveCfg = Release|Any CPU
		{61535A7D-BC7D-4425-AD69-42447EF1E104}.Release|Any CPU.Build.0 = Release|Any CPU
		{F0021D3E-F44F-454C-A3C7-F7A042A11617}.Debug|Any CPU.ActiveCfg = Debug|Any CPU
		{F0021D3E-F44F-454C-A3C7-F7A042A11617}.Debug|Any CPU.Build.0 = Debug|Any CPU
		{F0021D3E-F44F-454C-A3C7-F7A042A11617}.Release|Any CPU.ActiveCfg = Release|Any CPU
		{F0021D3E-F44F-454C-A3C7-F7A042A11617}.Release|Any CPU.Build.0 = Release|Any CPU
		{0348FDD7-0CF1-470F-8256-3B6555FCA8B7}.Debug|Any CPU.ActiveCfg = Debug|Any CPU
		{0348FDD7-0CF1-470F-8256-3B6555FCA8B7}.Debug|Any CPU.Build.0 = Debug|Any CPU
		{0348FDD7-0CF1-470F-8256-3B6555FCA8B7}.Release|Any CPU.ActiveCfg = Release|Any CPU
		{0348FDD7-0CF1-470F-8256-3B6555FCA8B7}.Release|Any CPU.Build.0 = Release|Any CPU
	EndGlobalSection
	GlobalSection(SolutionProperties) = preSolution
		HideSolutionNode = FALSE
	EndGlobalSection
	GlobalSection(ExtensibilityGlobals) = postSolution
		SolutionGuid = {0CD7B0A7-B7EB-4845-8446-BADC04ED1333}
	EndGlobalSection
EndGlobal
